
Microsoft Visual Studio Solution File, Format Version 12.00
# Visual Studio 15
VisualStudioVersion = 15.0.25807.0
MinimumVisualStudioVersion = 10.0.40219.1
Project("{2150E333-8FDC-42A3-9474-1A3956D46DE8}") = "Engine", "Engine", "{B985EF08-9C91-4D74-B487-3BAC796B187E}"
EndProject
Project("{2150E333-8FDC-42A3-9474-1A3956D46DE8}") = "Games", "Games", "{35492A78-58A3-4B8C-8823-9836C5592432}"
EndProject
Project("{8BC9CEB8-8B4A-11D0-8D11-00A0C91BC942}") = "UE4", "Intermediate\ProjectFiles\UE4.vcxproj", "{28CBCDE5-96CE-4B88-A706-DFBDD9088D3D}"
EndProject
Project("{8BC9CEB8-8B4A-11D0-8D11-00A0C91BC942}") = "BuildingEscape", "Intermediate\ProjectFiles\BuildingEscape.vcxproj", "{88166DAB-59F2-40E3-9A50-02A5F9D5205C}"
EndProject
Project("{2150E333-8FDC-42A3-9474-1A3956D46DE8}") = "Visualizers", "Visualizers", "{86C950F2-0A43-4960-9619-0C25BFAC33C7}"
	ProjectSection(SolutionItems) = preProject
		..\..\..\Engines\UE4\UE_4.22\Engine\Extras\VisualStudioDebugging\UE4.natvis = ..\..\..\Engines\UE4\UE_4.22\Engine\Extras\VisualStudioDebugging\UE4.natvis
	EndProjectSection
EndProject
Global
	GlobalSection(SolutionConfigurationPlatforms) = preSolution
		DebugGame Editor|HTML5 = DebugGame Editor|HTML5
		DebugGame Editor|Win32 = DebugGame Editor|Win32
		DebugGame Editor|Win64 = DebugGame Editor|Win64
		DebugGame|HTML5 = DebugGame|HTML5
		DebugGame|Win32 = DebugGame|Win32
		DebugGame|Win64 = DebugGame|Win64
		Development Editor|HTML5 = Development Editor|HTML5
		Development Editor|Win32 = Development Editor|Win32
		Development Editor|Win64 = Development Editor|Win64
		Development|HTML5 = Development|HTML5
		Development|Win32 = Development|Win32
		Development|Win64 = Development|Win64
		Shipping|HTML5 = Shipping|HTML5
		Shipping|Win32 = Shipping|Win32
		Shipping|Win64 = Shipping|Win64
	EndGlobalSection
	GlobalSection(ProjectConfigurationPlatforms) = postSolution
		{28CBCDE5-96CE-4B88-A706-DFBDD9088D3D}.DebugGame Editor|HTML5.ActiveCfg = BuiltWithUnrealBuildTool|Win32
		{28CBCDE5-96CE-4B88-A706-DFBDD9088D3D}.DebugGame Editor|Win32.ActiveCfg = BuiltWithUnrealBuildTool|Win32
		{28CBCDE5-96CE-4B88-A706-DFBDD9088D3D}.DebugGame Editor|Win64.ActiveCfg = BuiltWithUnrealBuildTool|Win32
		{28CBCDE5-96CE-4B88-A706-DFBDD9088D3D}.DebugGame|HTML5.ActiveCfg = BuiltWithUnrealBuildTool|Win32
		{28CBCDE5-96CE-4B88-A706-DFBDD9088D3D}.DebugGame|Win32.ActiveCfg = BuiltWithUnrealBuildTool|Win32
		{28CBCDE5-96CE-4B88-A706-DFBDD9088D3D}.DebugGame|Win64.ActiveCfg = BuiltWithUnrealBuildTool|Win32
		{28CBCDE5-96CE-4B88-A706-DFBDD9088D3D}.Development Editor|HTML5.ActiveCfg = BuiltWithUnrealBuildTool|Win32
		{28CBCDE5-96CE-4B88-A706-DFBDD9088D3D}.Development Editor|Win32.ActiveCfg = BuiltWithUnrealBuildTool|Win32
		{28CBCDE5-96CE-4B88-A706-DFBDD9088D3D}.Development Editor|Win64.ActiveCfg = BuiltWithUnrealBuildTool|Win32
		{28CBCDE5-96CE-4B88-A706-DFBDD9088D3D}.Development|HTML5.ActiveCfg = BuiltWithUnrealBuildTool|Win32
		{28CBCDE5-96CE-4B88-A706-DFBDD9088D3D}.Development|Win32.ActiveCfg = BuiltWithUnrealBuildTool|Win32
		{28CBCDE5-96CE-4B88-A706-DFBDD9088D3D}.Development|Win64.ActiveCfg = BuiltWithUnrealBuildTool|Win32
		{28CBCDE5-96CE-4B88-A706-DFBDD9088D3D}.Shipping|HTML5.ActiveCfg = BuiltWithUnrealBuildTool|Win32
		{28CBCDE5-96CE-4B88-A706-DFBDD9088D3D}.Shipping|Win32.ActiveCfg = BuiltWithUnrealBuildTool|Win32
		{28CBCDE5-96CE-4B88-A706-DFBDD9088D3D}.Shipping|Win64.ActiveCfg = BuiltWithUnrealBuildTool|Win32
		{88166DAB-59F2-40E3-9A50-02A5F9D5205C}.DebugGame Editor|HTML5.ActiveCfg = Invalid|Win32
		{88166DAB-59F2-40E3-9A50-02A5F9D5205C}.DebugGame Editor|Win32.ActiveCfg = Invalid|Win32
		{88166DAB-59F2-40E3-9A50-02A5F9D5205C}.DebugGame Editor|Win64.ActiveCfg = DebugGame_Editor|x64
		{88166DAB-59F2-40E3-9A50-02A5F9D5205C}.DebugGame Editor|Win64.Build.0 = DebugGame_Editor|x64
		{88166DAB-59F2-40E3-9A50-02A5F9D5205C}.DebugGame|HTML5.ActiveCfg = HTML5_DebugGame|Win32
		{88166DAB-59F2-40E3-9A50-02A5F9D5205C}.DebugGame|HTML5.Build.0 = HTML5_DebugGame|Win32
		{88166DAB-59F2-40E3-9A50-02A5F9D5205C}.DebugGame|Win32.ActiveCfg = DebugGame|Win32
		{88166DAB-59F2-40E3-9A50-02A5F9D5205C}.DebugGame|Win32.Build.0 = DebugGame|Win32
		{88166DAB-59F2-40E3-9A50-02A5F9D5205C}.DebugGame|Win64.ActiveCfg = DebugGame|x64
		{88166DAB-59F2-40E3-9A50-02A5F9D5205C}.DebugGame|Win64.Build.0 = DebugGame|x64
		{88166DAB-59F2-40E3-9A50-02A5F9D5205C}.Development Editor|HTML5.ActiveCfg = Invalid|Win32
		{88166DAB-59F2-40E3-9A50-02A5F9D5205C}.Development Editor|Win32.ActiveCfg = Invalid|Win32
		{88166DAB-59F2-40E3-9A50-02A5F9D5205C}.Development Editor|Win64.ActiveCfg = Development_Editor|x64
		{88166DAB-59F2-40E3-9A50-02A5F9D5205C}.Development Editor|Win64.Build.0 = Development_Editor|x64
		{88166DAB-59F2-40E3-9A50-02A5F9D5205C}.Development|HTML5.ActiveCfg = HTML5_Development|Win32
		{88166DAB-59F2-40E3-9A50-02A5F9D5205C}.Development|HTML5.Build.0 = HTML5_Development|Win32
		{88166DAB-59F2-40E3-9A50-02A5F9D5205C}.Development|Win32.ActiveCfg = Development|Win32
		{88166DAB-59F2-40E3-9A50-02A5F9D5205C}.Development|Win32.Build.0 = Development|Win32
		{88166DAB-59F2-40E3-9A50-02A5F9D5205C}.Development|Win64.ActiveCfg = Development|x64
		{88166DAB-59F2-40E3-9A50-02A5F9D5205C}.Development|Win64.Build.0 = Development|x64
		{88166DAB-59F2-40E3-9A50-02A5F9D5205C}.Shipping|HTML5.ActiveCfg = HTML5_Shipping|Win32
		{88166DAB-59F2-40E3-9A50-02A5F9D5205C}.Shipping|HTML5.Build.0 = HTML5_Shipping|Win32
		{88166DAB-59F2-40E3-9A50-02A5F9D5205C}.Shipping|Win32.ActiveCfg = Shipping|Win32
		{88166DAB-59F2-40E3-9A50-02A5F9D5205C}.Shipping|Win32.Build.0 = Shipping|Win32
		{88166DAB-59F2-40E3-9A50-02A5F9D5205C}.Shipping|Win64.ActiveCfg = Shipping|x64
		{88166DAB-59F2-40E3-9A50-02A5F9D5205C}.Shipping|Win64.Build.0 = Shipping|x64
	EndGlobalSection
	GlobalSection(SolutionProperties) = preSolution
		HideSolutionNode = FALSE
	EndGlobalSection
	GlobalSection(NestedProjects) = preSolution
		{28CBCDE5-96CE-4B88-A706-DFBDD9088D3D} = {B985EF08-9C91-4D74-B487-3BAC796B187E}
		{88166DAB-59F2-40E3-9A50-02A5F9D5205C} = {35492A78-58A3-4B8C-8823-9836C5592432}
	EndGlobalSection
EndGlobal
